{
  "name": "prestarocket-dev-tools",
  "version": "1.0.0",
  "lockfileVersion": 1,
  "requires": true,
  "dependencies": {
    "bootstrap": {
      "version": "4.4.1",
      "resolved": "https://registry.npmjs.org/bootstrap/-/bootstrap-4.4.1.tgz",
      "integrity": "sha512-tbx5cHubwE6e2ZG7nqM3g/FZ5PQEDMWmMGNrCUBVRPHXTJaH7CBDdsLeu3eCh3B1tzAxTnAbtmrzvWEvT2NNEA==",
      "dev": true
    },
    "bootstrap-touchspin": {
      "version": "4.2.5",
      "resolved": "https://registry.npmjs.org/bootstrap-touchspin/-/bootstrap-touchspin-4.2.5.tgz",
      "integrity": "sha512-tGJazUyFT0psQWcZA3i/6WmaSKYrFAtD2eOScZtX4hJjNiSBIz/PxJTzP23AJoRc4OtvI8w6l831VuD9s6DSWw==",
      "dev": true
    },
    "jquery": {
      "version": "2.2.4",
      "resolved": "https://registry.npmjs.org/jquery/-/jquery-2.2.4.tgz",
      "integrity": "sha1-LInWiJterFIqfuoywUUhVZxsvwI=",
      "dev": true
    },
    "lazysizes": {
      "version": "5.2.0",
      "resolved": "https://registry.npmjs.org/lazysizes/-/lazysizes-5.2.0.tgz",
      "integrity": "sha512-931KnHwsdCm7U7/S0GDj6FSkPvQ3ugGw65J5Plp2Mq1gBTPl9VShU+cIIX6uRr+dit+APDLmvx1FwjDll5bHLQ==",
      "dev": true
    },
    "material-design-icons": {
      "version": "2.2.3",
      "resolved": "https://registry.npmjs.org/material-design-icons/-/material-design-icons-2.2.3.tgz",
      "integrity": "sha1-toFzZKeAOwUJqAAjBbf+IBsP2p8=",
      "dev": true
    },
    "popper.js": {
      "version": "1.16.1",
      "resolved": "https://registry.npmjs.org/popper.js/-/popper.js-1.16.1.tgz",
      "integrity": "sha512-Wb4p1J4zyFTbM+u6WuO4XstYx4Ky9Cewe4DWrel7B0w6VVICvPwdOpotjzcf6eD8TsckVnIMNONQyPIUFOUbCQ==",
      "dev": true
    }
  }
}
